
Microsoft Visual Studio Solution File, Format Version 12.00
# Visual Studio Version 17
VisualStudioVersion = 17.0.31903.59
MinimumVisualStudioVersion = 10.0.40219.1
Project("{FAE04EC0-301F-11D3-BF4B-00C04F79EFBC}") = "ZorgtechnologieProduct.API", "ZorgtechnologieProduct.API\ZorgtechnologieProduct.API.csproj", "{9C688E20-471A-4AFF-AA7E-CC32D9371D4F}"
EndProject
Project("{FAE04EC0-301F-11D3-BF4B-00C04F79EFBC}") = "ZorgtechnologieProduct.Domain", "ZorgtechnologieProduct.Domain\ZorgtechnologieProduct.Domain.csproj", "{CC8BAFF0-7462-48E6-9149-C67789F143F2}"
EndProject
Project("{FAE04EC0-301F-11D3-BF4B-00C04F79EFBC}") = "ZorgtechnologieProduct.Application", "ZorgtechnologieProduct.Application\ZorgtechnologieProduct.Application.csproj", "{4704E811-6626-4EE4-8935-15286DAE7D57}"
EndProject
Project("{FAE04EC0-301F-11D3-BF4B-00C04F79EFBC}") = "ZorgtechnologieProduct.Tests", "ZorgtechnologieProduct.Tests\ZorgtechnologieProduct.Tests.csproj", "{C9952B0D-7AE1-428E-958E-7C39A7F27F1D}"
EndProject
Global
	GlobalSection(SolutionConfigurationPlatforms) = preSolution
		Debug|Any CPU = Debug|Any CPU
		Debug|x64 = Debug|x64
		Debug|x86 = Debug|x86
		Release|Any CPU = Release|Any CPU
		Release|x64 = Release|x64
		Release|x86 = Release|x86
	EndGlobalSection
	GlobalSection(ProjectConfigurationPlatforms) = postSolution
		{9C688E20-471A-4AFF-AA7E-CC32D9371D4F}.Debug|Any CPU.ActiveCfg = Debug|Any CPU
		{9C688E20-471A-4AFF-AA7E-CC32D9371D4F}.Debug|Any CPU.Build.0 = Debug|Any CPU
		{9C688E20-471A-4AFF-AA7E-CC32D9371D4F}.Debug|x64.ActiveCfg = Debug|Any CPU
		{9C688E20-471A-4AFF-AA7E-CC32D9371D4F}.Debug|x64.Build.0 = Debug|Any CPU
		{9C688E20-471A-4AFF-AA7E-CC32D9371D4F}.Debug|x86.ActiveCfg = Debug|Any CPU
		{9C688E20-471A-4AFF-AA7E-CC32D9371D4F}.Debug|x86.Build.0 = Debug|Any CPU
		{9C688E20-471A-4AFF-AA7E-CC32D9371D4F}.Release|Any CPU.ActiveCfg = Release|Any CPU
		{9C688E20-471A-4AFF-AA7E-CC32D9371D4F}.Release|Any CPU.Build.0 = Release|Any CPU
		{9C688E20-471A-4AFF-AA7E-CC32D9371D4F}.Release|x64.ActiveCfg = Release|Any CPU
		{9C688E20-471A-4AFF-AA7E-CC32D9371D4F}.Release|x64.Build.0 = Release|Any CPU
		{9C688E20-471A-4AFF-AA7E-CC32D9371D4F}.Release|x86.ActiveCfg = Release|Any CPU
		{9C688E20-471A-4AFF-AA7E-CC32D9371D4F}.Release|x86.Build.0 = Release|Any CPU
		{CC8BAFF0-7462-48E6-9149-C67789F143F2}.Debug|Any CPU.ActiveCfg = Debug|Any CPU
		{CC8BAFF0-7462-48E6-9149-C67789F143F2}.Debug|Any CPU.Build.0 = Debug|Any CPU
		{CC8BAFF0-7462-48E6-9149-C67789F143F2}.Debug|x64.ActiveCfg = Debug|Any CPU
		{CC8BAFF0-7462-48E6-9149-C67789F143F2}.Debug|x64.Build.0 = Debug|Any CPU
		{CC8BAFF0-7462-48E6-9149-C67789F143F2}.Debug|x86.ActiveCfg = Debug|Any CPU
		{CC8BAFF0-7462-48E6-9149-C67789F143F2}.Debug|x86.Build.0 = Debug|Any CPU
		{CC8BAFF0-7462-48E6-9149-C67789F143F2}.Release|Any CPU.ActiveCfg = Release|Any CPU
		{CC8BAFF0-7462-48E6-9149-C67789F143F2}.Release|Any CPU.Build.0 = Release|Any CPU
		{CC8BAFF0-7462-48E6-9149-C67789F143F2}.Release|x64.ActiveCfg = Release|Any CPU
		{CC8BAFF0-7462-48E6-9149-C67789F143F2}.Release|x64.Build.0 = Release|Any CPU
		{CC8BAFF0-7462-48E6-9149-C67789F143F2}.Release|x86.ActiveCfg = Release|Any CPU
		{CC8BAFF0-7462-48E6-9149-C67789F143F2}.Release|x86.Build.0 = Release|Any CPU
		{4704E811-6626-4EE4-8935-15286DAE7D57}.Debug|Any CPU.ActiveCfg = Debug|Any CPU
		{4704E811-6626-4EE4-8935-15286DAE7D57}.Debug|Any CPU.Build.0 = Debug|Any CPU
		{4704E811-6626-4EE4-8935-15286DAE7D57}.Debug|x64.ActiveCfg = Debug|Any CPU
		{4704E811-6626-4EE4-8935-15286DAE7D57}.Debug|x64.Build.0 = Debug|Any CPU
		{4704E811-6626-4EE4-8935-15286DAE7D57}.Debug|x86.ActiveCfg = Debug|Any CPU
		{4704E811-6626-4EE4-8935-15286DAE7D57}.Debug|x86.Build.0 = Debug|Any CPU
		{4704E811-6626-4EE4-8935-15286DAE7D57}.Release|Any CPU.ActiveCfg = Release|Any CPU
		{4704E811-6626-4EE4-8935-15286DAE7D57}.Release|Any CPU.Build.0 = Release|Any CPU
		{4704E811-6626-4EE4-8935-15286DAE7D57}.Release|x64.ActiveCfg = Release|Any CPU
		{4704E811-6626-4EE4-8935-15286DAE7D57}.Release|x64.Build.0 = Release|Any CPU
		{4704E811-6626-4EE4-8935-15286DAE7D57}.Release|x86.ActiveCfg = Release|Any CPU
		{4704E811-6626-4EE4-8935-15286DAE7D57}.Release|x86.Build.0 = Release|Any CPU
		{C9952B0D-7AE1-428E-958E-7C39A7F27F1D}.Debug|Any CPU.ActiveCfg = Debug|Any CPU
		{C9952B0D-7AE1-428E-958E-7C39A7F27F1D}.Debug|Any CPU.Build.0 = Debug|Any CPU
		{C9952B0D-7AE1-428E-958E-7C39A7F27F1D}.Debug|x64.ActiveCfg = Debug|Any CPU
		{C9952B0D-7AE1-428E-958E-7C39A7F27F1D}.Debug|x64.Build.0 = Debug|Any CPU
		{C9952B0D-7AE1-428E-958E-7C39A7F27F1D}.Debug|x86.ActiveCfg = Debug|Any CPU
		{C9952B0D-7AE1-428E-958E-7C39A7F27F1D}.Debug|x86.Build.0 = Debug|Any CPU
		{C9952B0D-7AE1-428E-958E-7C39A7F27F1D}.Release|Any CPU.ActiveCfg = Release|Any CPU
		{C9952B0D-7AE1-428E-958E-7C39A7F27F1D}.Release|Any CPU.Build.0 = Release|Any CPU
		{C9952B0D-7AE1-428E-958E-7C39A7F27F1D}.Release|x64.ActiveCfg = Release|Any CPU
		{C9952B0D-7AE1-428E-958E-7C39A7F27F1D}.Release|x64.Build.0 = Release|Any CPU
		{C9952B0D-7AE1-428E-958E-7C39A7F27F1D}.Release|x86.ActiveCfg = Release|Any CPU
		{C9952B0D-7AE1-428E-958E-7C39A7F27F1D}.Release|x86.Build.0 = Release|Any CPU
	EndGlobalSection
	GlobalSection(SolutionProperties) = preSolution
		HideSolutionNode = FALSE
	EndGlobalSection
EndGlobal
